Microsoft Visual Studio Solution File, Format Version 12.00
# Visual Studio Version 17
VisualStudioVersion = 17.5.2.0
MinimumVisualStudioVersion = 10.0.40219.1
Project("{FAE04EC0-301F-11D3-BF4B-00C04F79EFBC}") = "Prep3", "Prep3.csproj", "{254D4A44-1328-F057-952A-67CE7F1C22AB}"
EndProject
Global
	GlobalSection(SolutionConfigurationPlatforms) = preSolution
		Debug|Any CPU = Debug|Any CPU
		Release|Any CPU = Release|Any CPU
	EndGlobalSection
	GlobalSection(ProjectConfigurationPlatforms) = postSolution
		{254D4A44-1328-F057-952A-67CE7F1C22AB}.Debug|Any CPU.ActiveCfg = Debug|Any CPU
		{254D4A44-1328-F057-952A-67CE7F1C22AB}.Debug|Any CPU.Build.0 = Debug|Any CPU
		{254D4A44-1328-F057-952A-67CE7F1C22AB}.Release|Any CPU.ActiveCfg = Release|Any CPU
		{254D4A44-1328-F057-952A-67CE7F1C22AB}.Release|Any CPU.Build.0 = Release|Any CPU
	EndGlobalSection
	GlobalSection(SolutionProperties) = preSolution
		HideSolutionNode = FALSE
	EndGlobalSection
	GlobalSection(ExtensibilityGlobals) = postSolution
		SolutionGuid = {835D8A09-2135-41E7-93C9-11D64330E744}
	EndGlobalSection
EndGlobal
