Microsoft Visual Studio Solution File, Format Version 12.00
# Visual Studio Version 17
VisualStudioVersion = 17.5.2.0
MinimumVisualStudioVersion = 10.0.40219.1
Project("{FAE04EC0-301F-11D3-BF4B-00C04F79EFBC}") = "Develop03", "Develop03.csproj", "{A168E74D-5DBD-6E91-5D4F-E09D5628C134}"
EndProject
Global
	GlobalSection(SolutionConfigurationPlatforms) = preSolution
		Debug|Any CPU = Debug|Any CPU
		Release|Any CPU = Release|Any CPU
	EndGlobalSection
	GlobalSection(ProjectConfigurationPlatforms) = postSolution
		{A168E74D-5DBD-6E91-5D4F-E09D5628C134}.Debug|Any CPU.ActiveCfg = Debug|Any CPU
		{A168E74D-5DBD-6E91-5D4F-E09D5628C134}.Debug|Any CPU.Build.0 = Debug|Any CPU
		{A168E74D-5DBD-6E91-5D4F-E09D5628C134}.Release|Any CPU.ActiveCfg = Release|Any CPU
		{A168E74D-5DBD-6E91-5D4F-E09D5628C134}.Release|Any CPU.Build.0 = Release|Any CPU
	EndGlobalSection
	GlobalSection(SolutionProperties) = preSolution
		HideSolutionNode = FALSE
	EndGlobalSection
	GlobalSection(ExtensibilityGlobals) = postSolution
		SolutionGuid = {CF6BD704-ABE0-47C4-BFD1-EE0FE15EC977}
	EndGlobalSection
EndGlobal
